Microsoft Visual Studio Solution File, Format Version 12.00
# Visual Studio Version 17
VisualStudioVersion = 17.5.2.0
MinimumVisualStudioVersion = 10.0.40219.1
Project("{FAE04EC0-301F-11D3-BF4B-00C04F79EFBC}") = "D2RPriceChecker", "D2RPriceChecker\D2RPriceChecker.csproj", "{D636EFFC-65F9-0CE9-F40B-D07712603455}"
EndProject
Global
	GlobalSection(SolutionConfigurationPlatforms) = preSolution
		Debug|Any CPU = Debug|Any CPU
		Release|Any CPU = Release|Any CPU
	EndGlobalSection
	GlobalSection(ProjectConfigurationPlatforms) = postSolution
		{D636EFFC-65F9-0CE9-F40B-D07712603455}.Debug|Any CPU.ActiveCfg = Debug|Any CPU
		{D636EFFC-65F9-0CE9-F40B-D07712603455}.Debug|Any CPU.Build.0 = Debug|Any CPU
		{D636EFFC-65F9-0CE9-F40B-D07712603455}.Release|Any CPU.ActiveCfg = Release|Any CPU
		{D636EFFC-65F9-0CE9-F40B-D07712603455}.Release|Any CPU.Build.0 = Release|Any CPU
	EndGlobalSection
	GlobalSection(SolutionProperties) = preSolution
		HideSolutionNode = FALSE
	EndGlobalSection
	GlobalSection(ExtensibilityGlobals) = postSolution
		SolutionGuid = {09A8DF2D-D1C4-4186-AE8C-60DF04B11398}
	EndGlobalSection
EndGlobal
